
Microsoft Visual Studio Solution File, Format Version 12.00
# Visual Studio Version 17
VisualStudioVersion = 17.0.31919.166
MinimumVisualStudioVersion = 10.0.40219.1
Project("{9A19103F-16F7-4668-BE54-9A1E7A4F7556}") = "LembreMeApi", "LembreMeApi.csproj", "{30465FB1-3483-4ECA-9458-1592BE57C5A4}"
EndProject
Project("{2150E333-8FDC-42A3-9474-1A3956D46DE8}") = "Encriptar", "Encriptar", "{E875A9F5-3B06-4E58-84FC-484F0F6FE10B}"
EndProject
Project("{FAE04EC0-301F-11D3-BF4B-00C04F79EFBC}") = "LembreMeApi-Encriptar", "..\LembreMeApi-Encriptar\LembreMeApi-Encriptar.csproj", "{E23AE74A-FAD4-42FC-A79B-174E3B054176}"
EndProject
Global
	GlobalSection(SolutionConfigurationPlatforms) = preSolution
		Debug|Any CPU = Debug|Any CPU
		Release|Any CPU = Release|Any CPU
	EndGlobalSection
	GlobalSection(ProjectConfigurationPlatforms) = postSolution
		{30465FB1-3483-4ECA-9458-1592BE57C5A4}.Debug|Any CPU.ActiveCfg = Debug|Any CPU
		{30465FB1-3483-4ECA-9458-1592BE57C5A4}.Debug|Any CPU.Build.0 = Debug|Any CPU
		{30465FB1-3483-4ECA-9458-1592BE57C5A4}.Release|Any CPU.ActiveCfg = Release|Any CPU
		{30465FB1-3483-4ECA-9458-1592BE57C5A4}.Release|Any CPU.Build.0 = Release|Any CPU
		{E23AE74A-FAD4-42FC-A79B-174E3B054176}.Debug|Any CPU.ActiveCfg = Debug|Any CPU
		{E23AE74A-FAD4-42FC-A79B-174E3B054176}.Debug|Any CPU.Build.0 = Debug|Any CPU
		{E23AE74A-FAD4-42FC-A79B-174E3B054176}.Release|Any CPU.ActiveCfg = Release|Any CPU
		{E23AE74A-FAD4-42FC-A79B-174E3B054176}.Release|Any CPU.Build.0 = Release|Any CPU
	EndGlobalSection
	GlobalSection(SolutionProperties) = preSolution
		HideSolutionNode = FALSE
	EndGlobalSection
	GlobalSection(NestedProjects) = preSolution
		{E23AE74A-FAD4-42FC-A79B-174E3B054176} = {E875A9F5-3B06-4E58-84FC-484F0F6FE10B}
	EndGlobalSection
	GlobalSection(ExtensibilityGlobals) = postSolution
		SolutionGuid = {5583F229-A9FF-4FC5-8C2C-9746372DDDD6}
	EndGlobalSection
EndGlobal
